
Microsoft Visual Studio Solution File, Format Version 12.00
# Visual Studio Version 17
VisualStudioVersion = 17.6.33815.320
MinimumVisualStudioVersion = 10.0.40219.1
Project("{FAE04EC0-301F-11D3-BF4B-00C04F79EFBC}") = "FinalProjectNumberGuess", "FinalProjectNumberGuess.csproj", "{94D7DF35-3A7B-471A-8C79-95CA9F3D2A07}"
EndProject
Global
	GlobalSection(SolutionConfigurationPlatforms) = preSolution
		Debug|Any CPU = Debug|Any CPU
		Release|Any CPU = Release|Any CPU
	EndGlobalSection
	GlobalSection(ProjectConfigurationPlatforms) = postSolution
		{94D7DF35-3A7B-471A-8C79-95CA9F3D2A07}.Debug|Any CPU.ActiveCfg = Debug|Any CPU
		{94D7DF35-3A7B-471A-8C79-95CA9F3D2A07}.Debug|Any CPU.Build.0 = Debug|Any CPU
		{94D7DF35-3A7B-471A-8C79-95CA9F3D2A07}.Release|Any CPU.ActiveCfg = Release|Any CPU
		{94D7DF35-3A7B-471A-8C79-95CA9F3D2A07}.Release|Any CPU.Build.0 = Release|Any CPU
	EndGlobalSection
	GlobalSection(SolutionProperties) = preSolution
		HideSolutionNode = FALSE
	EndGlobalSection
	GlobalSection(ExtensibilityGlobals) = postSolution
		SolutionGuid = {290ED26C-0680-4F98-9753-7F921B202E84}
	EndGlobalSection
EndGlobal
